
Microsoft Visual Studio Solution File, Format Version 12.00
# Visual Studio Version 17
VisualStudioVersion = 17.7.34031.279
MinimumVisualStudioVersion = 10.0.40219.1
Project("{9A19103F-16F7-4668-BE54-9A1E7A4F7556}") = "hackatonposfiap.api", "src\api\hackatonposfiap.api\hackatonposfiap.api.csproj", "{3319D37D-1763-4E04-A5F0-6182D2B78F93}"
EndProject
Project("{9A19103F-16F7-4668-BE54-9A1E7A4F7556}") = "hackatonposfiap.web", "src\web\hackatonposfiap.web\hackatonposfiap.web.csproj", "{989CE208-41E9-47F1-9647-D06E9572F0D3}"
EndProject
Project("{2150E333-8FDC-42A3-9474-1A3956D46DE8}") = "commons", "commons", "{0AEA7289-C865-44D3-9C80-BAB18AB86FE5}"
EndProject
Project("{9A19103F-16F7-4668-BE54-9A1E7A4F7556}") = "hackatonposfiap.domain", "src\commons\hackatonposfiap.domain\hackatonposfiap.domain.csproj", "{E13941F8-E66E-4FB5-99FF-6680EC3E2D31}"
EndProject
Project("{9A19103F-16F7-4668-BE54-9A1E7A4F7556}") = "hackatonposfiap.infrastructure", "src\commons\hackatonposfiap.infrastructure\hackatonposfiap.infrastructure.csproj", "{F848B35D-DE5C-4A20-BEC2-2383A660B3BC}"
EndProject
Project("{9A19103F-16F7-4668-BE54-9A1E7A4F7556}") = "hackatonposfiap.services", "src\commons\hackatonposfiap.services\hackatonposfiap.services.csproj", "{CA2F6ECC-1C8A-4782-88E4-780A81304A21}"
EndProject
Project("{9A19103F-16F7-4668-BE54-9A1E7A4F7556}") = "hackatonposfiap.IoC", "src\commons\hackatonposfiap.IoC\hackatonposfiap.IoC.csproj", "{4E10928E-8BC4-4D52-AA75-9F113DBC3764}"
EndProject
Project("{2150E333-8FDC-42A3-9474-1A3956D46DE8}") = "queue", "queue", "{08490963-1436-410D-BA6F-33F44482A948}"
EndProject
Project("{9A19103F-16F7-4668-BE54-9A1E7A4F7556}") = "hackatonposfiap.consumer", "src\queue\hackatonposfiap.consumer\hackatonposfiap.consumer.csproj", "{F6FADCF9-A2A4-4964-9D69-5E3ECD0CF605}"
EndProject
Project("{9A19103F-16F7-4668-BE54-9A1E7A4F7556}") = "hackatonposfiap.producer", "src\queue\hackatonposfiap.producer\hackatonposfiap.producer.csproj", "{3658CCD6-ACF7-4637-BA66-F2A922824E8F}"
EndProject
Project("{9A19103F-16F7-4668-BE54-9A1E7A4F7556}") = "hackatonposfiap.unit.test", "tests\hackatonposfiap.Unit.Test\hackatonposfiap.unit.test.csproj", "{FBDC5D04-0441-4D3F-8B91-2A60955B53A9}"
EndProject
Project("{FAE04EC0-301F-11D3-BF4B-00C04F79EFBC}") = "hackatonposfiap.integration.test", "tests\hackatonposfiap.integration.test\hackatonposfiap.integration.test.csproj", "{E165F19A-D5E2-4555-B8E5-A239FA571EFB}"
EndProject
Global
	GlobalSection(SolutionConfigurationPlatforms) = preSolution
		Debug|Any CPU = Debug|Any CPU
		Release|Any CPU = Release|Any CPU
	EndGlobalSection
	GlobalSection(ProjectConfigurationPlatforms) = postSolution
		{3319D37D-1763-4E04-A5F0-6182D2B78F93}.Debug|Any CPU.ActiveCfg = Debug|Any CPU
		{3319D37D-1763-4E04-A5F0-6182D2B78F93}.Debug|Any CPU.Build.0 = Debug|Any CPU
		{3319D37D-1763-4E04-A5F0-6182D2B78F93}.Release|Any CPU.ActiveCfg = Release|Any CPU
		{3319D37D-1763-4E04-A5F0-6182D2B78F93}.Release|Any CPU.Build.0 = Release|Any CPU
		{989CE208-41E9-47F1-9647-D06E9572F0D3}.Debug|Any CPU.ActiveCfg = Debug|Any CPU
		{989CE208-41E9-47F1-9647-D06E9572F0D3}.Debug|Any CPU.Build.0 = Debug|Any CPU
		{989CE208-41E9-47F1-9647-D06E9572F0D3}.Release|Any CPU.ActiveCfg = Release|Any CPU
		{989CE208-41E9-47F1-9647-D06E9572F0D3}.Release|Any CPU.Build.0 = Release|Any CPU
		{E13941F8-E66E-4FB5-99FF-6680EC3E2D31}.Debug|Any CPU.ActiveCfg = Debug|Any CPU
		{E13941F8-E66E-4FB5-99FF-6680EC3E2D31}.Debug|Any CPU.Build.0 = Debug|Any CPU
		{E13941F8-E66E-4FB5-99FF-6680EC3E2D31}.Release|Any CPU.ActiveCfg = Release|Any CPU
		{E13941F8-E66E-4FB5-99FF-6680EC3E2D31}.Release|Any CPU.Build.0 = Release|Any CPU
		{F848B35D-DE5C-4A20-BEC2-2383A660B3BC}.Debug|Any CPU.ActiveCfg = Debug|Any CPU
		{F848B35D-DE5C-4A20-BEC2-2383A660B3BC}.Debug|Any CPU.Build.0 = Debug|Any CPU
		{F848B35D-DE5C-4A20-BEC2-2383A660B3BC}.Release|Any CPU.ActiveCfg = Release|Any CPU
		{F848B35D-DE5C-4A20-BEC2-2383A660B3BC}.Release|Any CPU.Build.0 = Release|Any CPU
		{CA2F6ECC-1C8A-4782-88E4-780A81304A21}.Debug|Any CPU.ActiveCfg = Debug|Any CPU
		{CA2F6ECC-1C8A-4782-88E4-780A81304A21}.Debug|Any CPU.Build.0 = Debug|Any CPU
		{CA2F6ECC-1C8A-4782-88E4-780A81304A21}.Release|Any CPU.ActiveCfg = Release|Any CPU
		{CA2F6ECC-1C8A-4782-88E4-780A81304A21}.Release|Any CPU.Build.0 = Release|Any CPU
		{4E10928E-8BC4-4D52-AA75-9F113DBC3764}.Debug|Any CPU.ActiveCfg = Debug|Any CPU
		{4E10928E-8BC4-4D52-AA75-9F113DBC3764}.Debug|Any CPU.Build.0 = Debug|Any CPU
		{4E10928E-8BC4-4D52-AA75-9F113DBC3764}.Release|Any CPU.ActiveCfg = Release|Any CPU
		{4E10928E-8BC4-4D52-AA75-9F113DBC3764}.Release|Any CPU.Build.0 = Release|Any CPU
		{F6FADCF9-A2A4-4964-9D69-5E3ECD0CF605}.Debug|Any CPU.ActiveCfg = Debug|Any CPU
		{F6FADCF9-A2A4-4964-9D69-5E3ECD0CF605}.Debug|Any CPU.Build.0 = Debug|Any CPU
		{F6FADCF9-A2A4-4964-9D69-5E3ECD0CF605}.Release|Any CPU.ActiveCfg = Release|Any CPU
		{F6FADCF9-A2A4-4964-9D69-5E3ECD0CF605}.Release|Any CPU.Build.0 = Release|Any CPU
		{3658CCD6-ACF7-4637-BA66-F2A922824E8F}.Debug|Any CPU.ActiveCfg = Debug|Any CPU
		{3658CCD6-ACF7-4637-BA66-F2A922824E8F}.Debug|Any CPU.Build.0 = Debug|Any CPU
		{3658CCD6-ACF7-4637-BA66-F2A922824E8F}.Release|Any CPU.ActiveCfg = Release|Any CPU
		{3658CCD6-ACF7-4637-BA66-F2A922824E8F}.Release|Any CPU.Build.0 = Release|Any CPU
		{FBDC5D04-0441-4D3F-8B91-2A60955B53A9}.Debug|Any CPU.ActiveCfg = Debug|Any CPU
		{FBDC5D04-0441-4D3F-8B91-2A60955B53A9}.Debug|Any CPU.Build.0 = Debug|Any CPU
		{FBDC5D04-0441-4D3F-8B91-2A60955B53A9}.Release|Any CPU.ActiveCfg = Release|Any CPU
		{FBDC5D04-0441-4D3F-8B91-2A60955B53A9}.Release|Any CPU.Build.0 = Release|Any CPU
		{E165F19A-D5E2-4555-B8E5-A239FA571EFB}.Debug|Any CPU.ActiveCfg = Debug|Any CPU
		{E165F19A-D5E2-4555-B8E5-A239FA571EFB}.Debug|Any CPU.Build.0 = Debug|Any CPU
		{E165F19A-D5E2-4555-B8E5-A239FA571EFB}.Release|Any CPU.ActiveCfg = Release|Any CPU
		{E165F19A-D5E2-4555-B8E5-A239FA571EFB}.Release|Any CPU.Build.0 = Release|Any CPU
	EndGlobalSection
	GlobalSection(SolutionProperties) = preSolution
		HideSolutionNode = FALSE
	EndGlobalSection
	GlobalSection(NestedProjects) = preSolution
		{E13941F8-E66E-4FB5-99FF-6680EC3E2D31} = {0AEA7289-C865-44D3-9C80-BAB18AB86FE5}
		{F848B35D-DE5C-4A20-BEC2-2383A660B3BC} = {0AEA7289-C865-44D3-9C80-BAB18AB86FE5}
		{CA2F6ECC-1C8A-4782-88E4-780A81304A21} = {0AEA7289-C865-44D3-9C80-BAB18AB86FE5}
		{4E10928E-8BC4-4D52-AA75-9F113DBC3764} = {0AEA7289-C865-44D3-9C80-BAB18AB86FE5}
		{F6FADCF9-A2A4-4964-9D69-5E3ECD0CF605} = {08490963-1436-410D-BA6F-33F44482A948}
		{3658CCD6-ACF7-4637-BA66-F2A922824E8F} = {08490963-1436-410D-BA6F-33F44482A948}
	EndGlobalSection
	GlobalSection(ExtensibilityGlobals) = postSolution
		SolutionGuid = {05EE9476-2B79-4B15-9C0C-AA6227D5CAF4}
	EndGlobalSection
EndGlobal
